// !$*UTF8*$!
{
	archiveVersion = 1;
	classes = {
	};
	objectVersion = 55;
	objects = {

/* Begin PBXBuildFile section */
		C20F10322728990A001C22CE /* recipe_list_app.swift in Sources */ = {isa = PBXBuildFile; fileRef = C20F10312728990A001C22CE /* recipe_list_app.swift */; };
		C20F10342728990A001C22CE /* RecipeListView.swift in Sources */ = {isa = PBXBuildFile; fileRef = C20F10332728990A001C22CE /* RecipeListView.swift */; };
		C20F10362728990F001C22CE /* Assets.xcassets in Resources */ = {isa = PBXBuildFile; fileRef = C20F10352728990F001C22CE /* Assets.xcassets */; };
		C20F10392728990F001C22CE /* Preview Assets.xcassets in Resources */ = {isa = PBXBuildFile; fileRef = C20F10382728990F001C22CE /* Preview Assets.xcassets */; };
		C20F104527289B38001C22CE /* recipes.json in Resources */ = {isa = PBXBuildFile; fileRef = C20F104427289B38001C22CE /* recipes.json */; };
		C20F104727289BBA001C22CE /* Recipe.swift in Sources */ = {isa = PBXBuildFile; fileRef = C20F104627289BBA001C22CE /* Recipe.swift */; };
		C20F104927289D1E001C22CE /* RecipeModel.swift in Sources */ = {isa = PBXBuildFile; fileRef = C20F104827289D1E001C22CE /* RecipeModel.swift */; };
		C20F104B2728A07F001C22CE /* DataService.swift in Sources */ = {isa = PBXBuildFile; fileRef = C20F104A2728A07F001C22CE /* DataService.swift */; };
		C23ED7FD274A615C00D17805 /* RecipeDetailView.swift in Sources */ = {isa = PBXBuildFile; fileRef = C23ED7FC274A615C00D17805 /* RecipeDetailView.swift */; };
/* End PBXBuildFile section */

/* Begin PBXFileReference section */
		C20F102E2728990A001C22CE /* recipe list app.app */ = {isa = PBXFileReference; explicitFileType = wrapper.application; includeInIndex = 0; path = "recipe list app.app"; sourceTree = BUILT_PRODUCTS_DIR; };
		C20F10312728990A001C22CE /* recipe_list_app.swift */ = {isa = PBXFileReference; lastKnownFileType = sourcecode.swift; path = recipe_list_app.swift; sourceTree = "<group>"; };
		C20F10332728990A001C22CE /* RecipeListView.swift */ = {isa = PBXFileReference; lastKnownFileType = sourcecode.swift; path = RecipeListView.swift; sourceTree = "<group>"; };
		C20F10352728990F001C22CE /* Assets.xcassets */ = {isa = PBXFileReference; lastKnownFileType = folder.assetcatalog; path = Assets.xcassets; sourceTree = "<group>"; };
		C20F10382728990F001C22CE /* Preview Assets.xcassets */ = {isa = PBXFileReference; lastKnownFileType = folder.assetcatalog; path = "Preview Assets.xcassets"; sourceTree = "<group>"; };
		C20F104427289B38001C22CE /* recipes.json */ = {isa = PBXFileReference; fileEncoding = 4; lastKnownFileType = text.json; path = recipes.json; sourceTree = "<group>"; };
		C20F104627289BBA001C22CE /* Recipe.swift */ = {isa = PBXFileReference; lastKnownFileType = sourcecode.swift; path = Recipe.swift; sourceTree = "<group>"; };
		C20F104827289D1E001C22CE /* RecipeModel.swift */ = {isa = PBXFileReference; lastKnownFileType = sourcecode.swift; path = RecipeModel.swift; sourceTree = "<group>"; };
		C20F104A2728A07F001C22CE /* DataService.swift */ = {isa = PBXFileReference; lastKnownFileType = sourcecode.swift; path = DataService.swift; sourceTree = "<group>"; };
		C23ED7FC274A615C00D17805 /* RecipeDetailView.swift */ = {isa = PBXFileReference; lastKnownFileType = sourcecode.swift; path = RecipeDetailView.swift; sourceTree = "<group>"; };
/* End PBXFileReference section */

/* Begin PBXFrameworksBuildPhase section */
		C20F102B2728990A001C22CE /* Frameworks */ = {
			isa = PBXFrameworksBuildPhase;
			buildActionMask = 2147483647;
			files = (
			);
			runOnlyForDeploymentPostprocessing = 0;
		};
/* End PBXFrameworksBuildPhase section */

/* Begin PBXGroup section */
		C20F10252728990A001C22CE = {
			isa = PBXGroup;
			children = (
				C20F10302728990A001C22CE /* recipe list app */,
				C20F102F2728990A001C22CE /* Products */,
			);
			sourceTree = "<group>";
		};
		C20F102F2728990A001C22CE /* Products */ = {
			isa = PBXGroup;
			children = (
				C20F102E2728990A001C22CE /* recipe list app.app */,
			);
			name = Products;
			sourceTree = "<group>";
		};
		C20F10302728990A001C22CE /* recipe list app */ = {
			isa = PBXGroup;
			children = (
				C20F10312728990A001C22CE /* recipe_list_app.swift */,
				C20F103F27289955001C22CE /* Views */,
				C20F104027289985001C22CE /* ViewModels */,
				C20F10412728998B001C22CE /* Models */,
				C20F1043272899A3001C22CE /* Services */,
				C20F10422728999B001C22CE /* Data */,
				C20F10352728990F001C22CE /* Assets.xcassets */,
				C20F10372728990F001C22CE /* Preview Content */,
			);
			path = "recipe list app";
			sourceTree = "<group>";
		};
		C20F10372728990F001C22CE /* Preview Content */ = {
			isa = PBXGroup;
			children = (
				C20F10382728990F001C22CE /* Preview Assets.xcassets */,
			);
			path = "Preview Content";
			sourceTree = "<group>";
		};
		C20F103F27289955001C22CE /* Views */ = {
			isa = PBXGroup;
			children = (
				C20F10332728990A001C22CE /* RecipeListView.swift */,
				C23ED7FC274A615C00D17805 /* RecipeDetailView.swift */,
			);
			path = Views;
			sourceTree = "<group>";
		};
		C20F104027289985001C22CE /* ViewModels */ = {
			isa = PBXGroup;
			children = (
				C20F104827289D1E001C22CE /* RecipeModel.swift */,
			);
			path = ViewModels;
			sourceTree = "<group>";
		};
		C20F10412728998B001C22CE /* Models */ = {
			isa = PBXGroup;
			children = (
				C20F104627289BBA001C22CE /* Recipe.swift */,
			);
			path = Models;
			sourceTree = "<group>";
		};
		C20F10422728999B001C22CE /* Data */ = {
			isa = PBXGroup;
			children = (
				C20F104427289B38001C22CE /* recipes.json */,
			);
			path = Data;
			sourceTree = "<group>";
		};
		C20F1043272899A3001C22CE /* Services */ = {
			isa = PBXGroup;
			children = (
				C20F104A2728A07F001C22CE /* DataService.swift */,
			);
			path = Services;
			sourceTree = "<group>";
		};
/* End PBXGroup section */

/* Begin PBXNativeTarget section */
		C20F102D2728990A001C22CE /* recipe list app */ = {
			isa = PBXNativeTarget;
			buildConfigurationList = C20F103C2728990F001C22CE /* Build configuration list for PBXNativeTarget "recipe list app" */;
			buildPhases = (
				C20F102A2728990A001C22CE /* Sources */,
				C20F102B2728990A001C22CE /* Frameworks */,
				C20F102C2728990A001C22CE /* Resources */,
			);
			buildRules = (
			);
			dependencies = (
			);
			name = "recipe list app";
			productName = "recipe list app";
			productReference = C20F102E2728990A001C22CE /* recipe list app.app */;
			productType = "com.apple.product-type.application";
		};
/* End PBXNativeTarget section */

/* Begin PBXProject section */
		C20F10262728990A001C22CE /* Project object */ = {
			isa = PBXProject;
			attributes = {
				BuildIndependentTargetsInParallel = 1;
				LastSwiftUpdateCheck = 1300;
				LastUpgradeCheck = 1300;
				TargetAttributes = {
					C20F102D2728990A001C22CE = {
						CreatedOnToolsVersion = 13.0;
					};
				};
			};
			buildConfigurationList = C20F10292728990A001C22CE /* Build configuration list for PBXProject "recipe list app" */;
			compatibilityVersion = "Xcode 13.0";
			developmentRegion = en;
			hasScannedForEncodings = 0;
			knownRegions = (
				en,
				Base,
			);
			mainGroup = C20F10252728990A001C22CE;
			productRefGroup = C20F102F2728990A001C22CE /* Products */;
			projectDirPath = "";
			projectRoot = "";
			targets = (
				C20F102D2728990A001C22CE /* recipe list app */,
			);
		};
/* End PBXProject section */

/* Begin PBXResourcesBuildPhase section */
		C20F102C2728990A001C22CE /* Resources */ = {
			isa = PBXResourcesBuildPhase;
			buildActionMask = 2147483647;
			files = (
				C20F10392728990F001C22CE /* Preview Assets.xcassets in Resources */,
				C20F104527289B38001C22CE /* recipes.json in Resources */,
				C20F10362728990F001C22CE /* Assets.xcassets in Resources */,
			);
			runOnlyForDeploymentPostprocessing = 0;
		};
/* End PBXResourcesBuildPhase section */

/* Begin PBXSourcesBuildPhase section */
		C20F102A2728990A001C22CE /* Sources */ = {
			isa = PBXSourcesBuildPhase;
			buildActionMask = 2147483647;
			files = (
				C20F104727289BBA001C22CE /* Recipe.swift in Sources */,
				C23ED7FD274A615C00D17805 /* RecipeDetailView.swift in Sources */,
				C20F104927289D1E001C22CE /* RecipeModel.swift in Sources */,
				C20F10342728990A001C22CE /* RecipeListView.swift in Sources */,
				C20F10322728990A001C22CE /* recipe_list_app.swift in Sources */,
				C20F104B2728A07F001C22CE /* DataService.swift in Sources */,
			);
			runOnlyForDeploymentPostprocessing = 0;
		};
/* End PBXSourcesBuildPhase section */

/* Begin XCBuildConfiguration section */
		C20F103A2728990F001C22CE /* Debug */ = {
			isa = XCBuildConfiguration;
			buildSettings = {
				ALWAYS_SEARCH_USER_PATHS = NO;
				CLANG_ANALYZER_NONNULL = YES;
				CLANG_ANALYZER_NUMBER_OBJECT_CONVERSION = YES_AGGRESSIVE;
				CLANG_CXX_LANGUAGE_STANDARD = "gnu++17";
				CLANG_CXX_LIBRARY = "libc++";
				CLANG_ENABLE_MODULES = YES;
				CLANG_ENABLE_OBJC_ARC = YES;
				CLANG_ENABLE_OBJC_WEAK = YES;
				CLANG_WARN_BLOCK_CAPTURE_AUTORELEASING = YES;
				CLANG_WARN_BOOL_CONVERSION = YES;
				CLANG_WARN_COMMA = YES;
				CLANG_WARN_CONSTANT_CONVERSION = YES;
				CLANG_WARN_DEPRECATED_OBJC_IMPLEMENTATIONS = YES;
				CLANG_WARN_DIRECT_OBJC_ISA_USAGE = YES_ERROR;
				CLANG_WARN_DOCUMENTATION_COMMENTS = YES;
				CLANG_WARN_EMPTY_BODY = YES;
				CLANG_WARN_ENUM_CONVERSION = YES;
				CLANG_WARN_INFINITE_RECURSION = YES;
				CLANG_WARN_INT_CONVERSION = YES;
				CLANG_WARN_NON_LITERAL_NULL_CONVERSION = YES;
				CLANG_WARN_OBJC_IMPLICIT_RETAIN_SELF = YES;
				CLANG_WARN_OBJC_LITERAL_CONVERSION = YES;
				CLANG_WARN_OBJC_ROOT_CLASS = YES_ERROR;
				CLANG_WARN_QUOTED_INCLUDE_IN_FRAMEWORK_HEADER = YES;
				CLANG_WARN_RANGE_LOOP_ANALYSIS = YES;
				CLANG_WARN_STRICT_PROTOTYPES = YES;
				CLANG_WARN_SUSPICIOUS_MOVE = YES;
				CLANG_WARN_UNGUARDED_AVAILABILITY = YES_AGGRESSIVE;
				CLANG_WARN_UNREACHABLE_CODE = YES;
				CLANG_WARN__DUPLICATE_METHOD_MATCH = YES;
				COPY_PHASE_STRIP = NO;
				DEBUG_INFORMATION_FORMAT = dwarf;
				ENABLE_STRICT_OBJC_MSGSEND = YES;
				ENABLE_TESTABILITY = YES;
				GCC_C_LANGUAGE_STANDARD = gnu11;
				GCC_DYNAMIC_NO_PIC = NO;
				GCC_NO_COMMON_BLOCKS = YES;
				GCC_OPTIMIZATION_LEVEL = 0;
				GCC_PREPROCESSOR_DEFINITIONS = (
					"DEBUG=1",
					"$(inherited)",
				);
				GCC_WARN_64_TO_32_BIT_CONVERSION = YES;
				GCC_WARN_ABOUT_RETURN_TYPE = YES_ERROR;
				GCC_WARN_UNDECLARED_SELECTOR = YES;
				GCC_WARN_UNINITIALIZED_AUTOS = YES_AGGRESSIVE;
				GCC_WARN_UNUSED_FUNCTION = YES;
				GCC_WARN_UNUSED_VARIABLE = YES;
				IPHONEOS_DEPLOYMENT_TARGET = 15.0;
				MTL_ENABLE_DEBUG_INFO = INCLUDE_SOURCE;
				MTL_FAST_MATH = YES;
				ONLY_ACTIVE_ARCH = YES;
				SDKROOT = iphoneos;
				SWIFT_ACTIVE_COMPILATION_CONDITIONS = DEBUG;
				SWIFT_OPTIMIZATION_LEVEL = "-Onone";
			};
			name = Debug;
		};
		C20F103B2728990F001C22CE /* Release */ = {
			isa = XCBuildConfiguration;
			buildSettings = {
				ALWAYS_SEARCH_USER_PATHS = NO;
				CLANG_ANALYZER_NONNULL = YES;
				CLANG_ANALYZER_NUMBER_OBJECT_CONVERSION = YES_AGGRESSIVE;
				CLANG_CXX_LANGUAGE_STANDARD = "gnu++17";
				CLANG_CXX_LIBRARY = "libc++";
				CLANG_ENABLE_MODULES = YES;
				CLANG_ENABLE_OBJC_ARC = YES;
				CLANG_ENABLE_OBJC_WEAK = YES;
				CLANG_WARN_BLOCK_CAPTURE_AUTORELEASING = YES;
				CLANG_WARN_BOOL_CONVERSION = YES;
				CLANG_WARN_COMMA = YES;
				CLANG_WARN_CONSTANT_CONVERSION = YES;
				CLANG_WARN_DEPRECATED_OBJC_IMPLEMENTATIONS = YES;
				CLANG_WARN_DIRECT_OBJC_ISA_USAGE = YES_ERROR;
				CLANG_WARN_DOCUMENTATION_COMMENTS = YES;
				CLANG_WARN_EMPTY_BODY = YES;
				CLANG_WARN_ENUM_CONVERSION = YES;
				CLANG_WARN_INFINITE_RECURSION = YES;
				CLANG_WARN_INT_CONVERSION = YES;
				CLANG_WARN_NON_LITERAL_NULL_CONVERSION = YES;
				CLANG_WARN_OBJC_IMPLICIT_RETAIN_SELF = YES;
				CLANG_WARN_OBJC_LITERAL_CONVERSION = YES;
				CLANG_WARN_OBJC_ROOT_CLASS = YES_ERROR;
				CLANG_WARN_QUOTED_INCLUDE_IN_FRAMEWORK_HEADER = YES;
				CLANG_WARN_RANGE_LOOP_ANALYSIS = YES;
				CLANG_WARN_STRICT_PROTOTYPES = YES;
				CLANG_WARN_SUSPICIOUS_MOVE = YES;
				CLANG_WARN_UNGUARDED_AVAILABILITY = YES_AGGRESSIVE;
				CLANG_WARN_UNREACHABLE_CODE = YES;
				CLANG_WARN__DUPLICATE_METHOD_MATCH = YES;
				COPY_PHASE_STRIP = NO;
				DEBUG_INFORMATION_FORMAT = "dwarf-with-dsym";
				ENABLE_NS_ASSERTIONS = NO;
				ENABLE_STRICT_OBJC_MSGSEND = YES;
				GCC_C_LANGUAGE_STANDARD = gnu11;
				GCC_NO_COMMON_BLOCKS = YES;
				GCC_WARN_64_TO_32_BIT_CONVERSION = YES;
				GCC_WARN_ABOUT_RETURN_TYPE = YES_ERROR;
				GCC_WARN_UNDECLARED_SELECTOR = YES;
				GCC_WARN_UNINITIALIZED_AUTOS = YES_AGGRESSIVE;
				GCC_WARN_UNUSED_FUNCTION = YES;
				GCC_WARN_UNUSED_VARIABLE = YES;
				IPHONEOS_DEPLOYMENT_TARGET = 15.0;
				MTL_ENABLE_DEBUG_INFO = NO;
				MTL_FAST_MATH = YES;
				SDKROOT = iphoneos;
				SWIFT_COMPILATION_MODE = wholemodule;
				SWIFT_OPTIMIZATION_LEVEL = "-O";
				VALIDATE_PRODUCT = YES;
			};
			name = Release;
		};
		C20F103D2728990F001C22CE /* Debug */ = {
			isa = XCBuildConfiguration;
			buildSettings = {
				ASSETCATALOG_COMPILER_APPICON_NAME = AppIcon;
				ASSETCATALOG_COMPILER_GLOBAL_ACCENT_COLOR_NAME = AccentColor;
				CODE_SIGN_STYLE = Automatic;
				CURRENT_PROJECT_VERSION = 1;
				DEVELOPMENT_ASSET_PATHS = "\"recipe list app/Preview Content\"";
				DEVELOPMENT_TEAM = TMBYBTV8BH;
				ENABLE_PREVIEWS = YES;
				GENERATE_INFOPLIST_FILE = YES;
				INFOPLIST_KEY_UIApplicationSceneManifest_Generation = YES;
				INFOPLIST_KEY_UIApplicationSupportsIndirectInputEvents = YES;
				INFOPLIST_KEY_UILaunchScreen_Generation = YES;
				INFOPLIST_KEY_UISupportedInterfaceOrientations_iPad = "UIInterfaceOrientationPortrait UIInterfaceOrientationPortraitUpsideDown UIInterfaceOrientationLandscapeLeft UIInterfaceOrientationLandscapeRight";
				INFOPLIST_KEY_UISupportedInterfaceOrientations_iPhone = "UIInterfaceOrientationPortrait UIInterfaceOrientationLandscapeLeft UIInterfaceOrientationLandscapeRight";
				IPHONEOS_DEPLOYMENT_TARGET = 14.0;
				LD_RUNPATH_SEARCH_PATHS = (
					"$(inherited)",
					"@executable_path/Frameworks",
				);
				MARKETING_VERSION = 1.0;
				PRODUCT_BUNDLE_IDENTIFIER = "com.maksim.ugolnik.recipe-list-app";
				PRODUCT_NAME = "$(TARGET_NAME)";
				SWIFT_EMIT_LOC_STRINGS = YES;
				SWIFT_VERSION = 5.0;
				TARGETED_DEVICE_FAMILY = "1,2";
			};
			name = Debug;
		};
		C20F103E2728990F001C22CE /* Release */ = {
			isa = XCBuildConfiguration;
			buildSettings = {
				ASSETCATALOG_COMPILER_APPICON_NAME = AppIcon;
				ASSETCATALOG_COMPILER_GLOBAL_ACCENT_COLOR_NAME = AccentColor;
				CODE_SIGN_STYLE = Automatic;
				CURRENT_PROJECT_VERSION = 1;
				DEVELOPMENT_ASSET_PATHS = "\"recipe list app/Preview Content\"";
				DEVELOPMENT_TEAM = TMBYBTV8BH;
				ENABLE_PREVIEWS = YES;
				GENERATE_INFOPLIST_FILE = YES;
				INFOPLIST_KEY_UIApplicationSceneManifest_Generation = YES;
				INFOPLIST_KEY_UIApplicationSupportsIndirectInputEvents = YES;
				INFOPLIST_KEY_UILaunchScreen_Generation = YES;
				INFOPLIST_KEY_UISupportedInterfaceOrientations_iPad = "UIInterfaceOrientationPortrait UIInterfaceOrientationPortraitUpsideDown UIInterfaceOrientationLandscapeLeft UIInterfaceOrientationLandscapeRight";
				INFOPLIST_KEY_UISupportedInterfaceOrientations_iPhone = "UIInterfaceOrientationPortrait UIInterfaceOrientationLandscapeLeft UIInterfaceOrientationLandscapeRight";
				IPHONEOS_DEPLOYMENT_TARGET = 14.0;
				LD_RUNPATH_SEARCH_PATHS = (
					"$(inherited)",
					"@executable_path/Frameworks",
				);
				MARKETING_VERSION = 1.0;
				PRODUCT_BUNDLE_IDENTIFIER = "com.maksim.ugolnik.recipe-list-app";
				PRODUCT_NAME = "$(TARGET_NAME)";
				SWIFT_EMIT_LOC_STRINGS = YES;
				SWIFT_VERSION = 5.0;
				TARGETED_DEVICE_FAMILY = "1,2";
			};
			name = Release;
		};
/* End XCBuildConfiguration section */

/* Begin XCConfigurationList section */
		C20F10292728990A001C22CE /* Build configuration list for PBXProject "recipe list app" */ = {
			isa = XCConfigurationList;
			buildConfigurations = (
				C20F103A2728990F001C22CE /* Debug */,
				C20F103B2728990F001C22CE /* Release */,
			);
			defaultConfigurationIsVisible = 0;
			defaultConfigurationName = Release;
		};
		C20F103C2728990F001C22CE /* Build configuration list for PBXNativeTarget "recipe list app" */ = {
			isa = XCConfigurationList;
			buildConfigurations = (
				C20F103D2728990F001C22CE /* Debug */,
				C20F103E2728990F001C22CE /* Release */,
			);
			defaultConfigurationIsVisible = 0;
			defaultConfigurationName = Release;
		};
/* End XCConfigurationList section */
	};
	rootObject = C20F10262728990A001C22CE /* Project object */;
}
